
Microsoft Visual Studio Solution File, Format Version 12.00
# Visual Studio Version 17
VisualStudioVersion = 17.7.34031.279
MinimumVisualStudioVersion = 10.0.40219.1
Project("{54A90642-561A-4BB1-A94E-469ADEE60C69}") = "portfolio-website", "Portfolio-Website\portfolio-website.esproj", "{266EFAEC-1C9E-4A70-898B-1E4473065FBA}"
EndProject
Global
	GlobalSection(SolutionConfigurationPlatforms) = preSolution
		Debug|Any CPU = Debug|Any CPU
		Release|Any CPU = Release|Any CPU
	EndGlobalSection
	GlobalSection(ProjectConfigurationPlatforms) = postSolution
		{266EFAEC-1C9E-4A70-898B-1E4473065FBA}.Debug|Any CPU.ActiveCfg = Debug|Any CPU
		{266EFAEC-1C9E-4A70-898B-1E4473065FBA}.Debug|Any CPU.Build.0 = Debug|Any CPU
		{266EFAEC-1C9E-4A70-898B-1E4473065FBA}.Debug|Any CPU.Deploy.0 = Debug|Any CPU
		{266EFAEC-1C9E-4A70-898B-1E4473065FBA}.Release|Any CPU.ActiveCfg = Release|Any CPU
		{266EFAEC-1C9E-4A70-898B-1E4473065FBA}.Release|Any CPU.Build.0 = Release|Any CPU
		{266EFAEC-1C9E-4A70-898B-1E4473065FBA}.Release|Any CPU.Deploy.0 = Release|Any CPU
	EndGlobalSection
	GlobalSection(SolutionProperties) = preSolution
		HideSolutionNode = FALSE
	EndGlobalSection
	GlobalSection(ExtensibilityGlobals) = postSolution
		SolutionGuid = {75DDE2C1-634B-4350-A026-075B3B9357AC}
	EndGlobalSection
EndGlobal
